{
    "version": 3,
    "terraform_version": "0.11.5",
    "serial": 12,
    "lineage": "61b9518a-9567-0f97-8716-b1527a9436b4",
    "modules": [
        {
            "path": [
                "root"
            ],
            "outputs": {},
            "resources": {},
            "depends_on": []
        },
        {
            "path": [
                "root",
                "networking"
            ],
            "outputs": {},
            "resources": {
                "data.oci_identity_availability_domains.available": {
                    "type": "oci_identity_availability_domains",
                    "depends_on": [],
                    "primary": {
                        "id": "2018-11-27 18:01:42.209319925 +0000 UTC",
                        "attributes": {
                            "availability_domains.#": "3",
                            "availability_domains.0.compartment_id": "ocid1.compartment.oc1..aaaaaaaas3ezg6kigje2mnkgvqvknv6ow6klsrvpsc6of3a7gg75wwqjntoq",
                            "availability_domains.0.name": "PoMA:PHX-AD-1",
                            "availability_domains.1.compartment_id": "ocid1.compartment.oc1..aaaaaaaas3ezg6kigje2mnkgvqvknv6ow6klsrvpsc6of3a7gg75wwqjntoq",
                            "availability_domains.1.name": "PoMA:PHX-AD-2",
                            "availability_domains.2.compartment_id": "ocid1.compartment.oc1..aaaaaaaas3ezg6kigje2mnkgvqvknv6ow6klsrvpsc6of3a7gg75wwqjntoq",
                            "availability_domains.2.name": "PoMA:PHX-AD-3",
                            "compartment_id": "ocid1.compartment.oc1..aaaaaaaas3ezg6kigje2mnkgvqvknv6ow6klsrvpsc6of3a7gg75wwqjntoq",
                            "id": "2018-11-27 18:01:42.209319925 +0000 UTC"
                        },
                        "meta": {},
                        "tainted": false
                    },
                    "deposed": [],
                    "provider": "provider.oci"
                },
                "oci_core_default_route_table.my_route_table_private": {
                    "type": "oci_core_default_route_table",
                    "depends_on": [
                        "oci_core_vcn.my_vcn"
                    ],
                    "primary": {
                        "id": "ocid1.routetable.oc1.phx.aaaaaaaavbhhk4ywsm7sib34m2v3xqr3ok62rqvil7wtmgqlr37gyxmyoz5q",
                        "attributes": {
                            "defined_tags.%": "0",
                            "display_name": "Default Route Table for samarthvcn",
                            "freeform_tags.%": "0",
                            "id": "ocid1.routetable.oc1.phx.aaaaaaaavbhhk4ywsm7sib34m2v3xqr3ok62rqvil7wtmgqlr37gyxmyoz5q",
                            "manage_default_resource_id": "ocid1.routetable.oc1.phx.aaaaaaaavbhhk4ywsm7sib34m2v3xqr3ok62rqvil7wtmgqlr37gyxmyoz5q",
                            "route_rules.#": "0",
                            "state": "AVAILABLE",
                            "time_created": "2018-11-27 18:01:46.013 +0000 UTC"
                        },
                        "meta": {
                            "e2bfb730-ecaa-11e6-8f88-34363bc7c4c0": {
                                "create": 900000000000,
                                "delete": 900000000000,
                                "update": 900000000000
                            }
                        },
                        "tainted": false
                    },
                    "deposed": [],
                    "provider": "provider.oci"
                },
                "oci_core_internet_gateway.myIGW": {
                    "type": "oci_core_internet_gateway",
                    "depends_on": [
                        "oci_core_vcn.my_vcn"
                    ],
                    "primary": {
                        "id": "ocid1.internetgateway.oc1.phx.aaaaaaaazg3jsduxlsmy36jxevlroqomg3hevfhsydhh5sa6mjmgthn2ivbq",
                        "attributes": {
                            "compartment_id": "ocid1.compartment.oc1..aaaaaaaas3ezg6kigje2mnkgvqvknv6ow6klsrvpsc6of3a7gg75wwqjntoq",
                            "defined_tags.%": "0",
                            "display_name": "internetgateway20181127180147",
                            "enabled": "true",
                            "freeform_tags.%": "0",
                            "id": "ocid1.internetgateway.oc1.phx.aaaaaaaazg3jsduxlsmy36jxevlroqomg3hevfhsydhh5sa6mjmgthn2ivbq",
                            "state": "AVAILABLE",
                            "time_created": "2018-11-27 18:01:47.858 +0000 UTC",
                            "vcn_id": "ocid1.vcn.oc1.phx.aaaaaaaahe3s6asjj5tlgp7ys4mmpbtmkxwjhackkuzzzbtsh2ossshv34tq"
                        },
                        "meta": {
                            "e2bfb730-ecaa-11e6-8f88-34363bc7c4c0": {
                                "create": 900000000000,
                                "delete": 900000000000,
                                "update": 900000000000
                            }
                        },
                        "tainted": false
                    },
                    "deposed": [],
                    "provider": "provider.oci"
                },
                "oci_core_route_table.my_route_table_public": {
                    "type": "oci_core_route_table",
                    "depends_on": [
                        "oci_core_internet_gateway.myIGW",
                        "oci_core_vcn.my_vcn"
                    ],
                    "primary": {
                        "id": "ocid1.routetable.oc1.phx.aaaaaaaavqrlugn3iwmqbcfjdbqomsggmc7umip7hol4xpyzmkp5lplrtc5q",
                        "attributes": {
                            "compartment_id": "ocid1.compartment.oc1..aaaaaaaas3ezg6kigje2mnkgvqvknv6ow6klsrvpsc6of3a7gg75wwqjntoq",
                            "defined_tags.%": "0",
                            "display_name": "routetable20181127180149",
                            "freeform_tags.%": "0",
                            "id": "ocid1.routetable.oc1.phx.aaaaaaaavqrlugn3iwmqbcfjdbqomsggmc7umip7hol4xpyzmkp5lplrtc5q",
                            "route_rules.#": "1",
                            "route_rules.3858644521.cidr_block": "0.0.0.0/0",
                            "route_rules.3858644521.destination": "0.0.0.0/0",
                            "route_rules.3858644521.destination_type": "CIDR_BLOCK",
                            "route_rules.3858644521.network_entity_id": "ocid1.internetgateway.oc1.phx.aaaaaaaazg3jsduxlsmy36jxevlroqomg3hevfhsydhh5sa6mjmgthn2ivbq",
                            "state": "AVAILABLE",
                            "time_created": "2018-11-27 18:01:49.872 +0000 UTC",
                            "vcn_id": "ocid1.vcn.oc1.phx.aaaaaaaahe3s6asjj5tlgp7ys4mmpbtmkxwjhackkuzzzbtsh2ossshv34tq"
                        },
                        "meta": {
                            "e2bfb730-ecaa-11e6-8f88-34363bc7c4c0": {
                                "create": 900000000000,
                                "delete": 900000000000,
                                "update": 900000000000
                            }
                        },
                        "tainted": false
                    },
                    "deposed": [],
                    "provider": "provider.oci"
                },
                "oci_core_security_list.tf_public_sl": {
                    "type": "oci_core_security_list",
                    "depends_on": [
                        "oci_core_vcn.my_vcn"
                    ],
                    "primary": {
                        "id": "ocid1.securitylist.oc1.phx.aaaaaaaasqgsnxby6blu5a2ht36gpqrwv5rdv5rxq32z7rt6b7etpfy3xhkq",
                        "attributes": {
                            "compartment_id": "ocid1.compartment.oc1..aaaaaaaas3ezg6kigje2mnkgvqvknv6ow6klsrvpsc6of3a7gg75wwqjntoq",
                            "defined_tags.%": "0",
                            "display_name": "TFExampleSecurityList",
                            "egress_security_rules.#": "1",
                            "egress_security_rules.1420396200.destination": "0.0.0.0/0",
                            "egress_security_rules.1420396200.destination_type": "CIDR_BLOCK",
                            "egress_security_rules.1420396200.icmp_options.#": "0",
                            "egress_security_rules.1420396200.protocol": "6",
                            "egress_security_rules.1420396200.stateless": "false",
                            "egress_security_rules.1420396200.tcp_options.#": "0",
                            "egress_security_rules.1420396200.udp_options.#": "0",
                            "freeform_tags.%": "0",
                            "id": "ocid1.securitylist.oc1.phx.aaaaaaaasqgsnxby6blu5a2ht36gpqrwv5rdv5rxq32z7rt6b7etpfy3xhkq",
                            "ingress_security_rules.#": "2",
                            "ingress_security_rules.2401870073.icmp_options.#": "0",
                            "ingress_security_rules.2401870073.protocol": "6",
                            "ingress_security_rules.2401870073.source": "0.0.0.0/0",
                            "ingress_security_rules.2401870073.source_type": "CIDR_BLOCK",
                            "ingress_security_rules.2401870073.stateless": "false",
                            "ingress_security_rules.2401870073.tcp_options.#": "1",
                            "ingress_security_rules.2401870073.tcp_options.0.max": "22",
                            "ingress_security_rules.2401870073.tcp_options.0.min": "22",
                            "ingress_security_rules.2401870073.tcp_options.0.source_port_range.#": "1",
                            "ingress_security_rules.2401870073.tcp_options.0.source_port_range.0.max": "22",
                            "ingress_security_rules.2401870073.tcp_options.0.source_port_range.0.min": "22",
                            "ingress_security_rules.2401870073.udp_options.#": "0",
                            "ingress_security_rules.3821295127.icmp_options.#": "0",
                            "ingress_security_rules.3821295127.protocol": "6",
                            "ingress_security_rules.3821295127.source": "0.0.0.0/0",
                            "ingress_security_rules.3821295127.source_type": "CIDR_BLOCK",
                            "ingress_security_rules.3821295127.stateless": "false",
                            "ingress_security_rules.3821295127.tcp_options.#": "0",
                            "ingress_security_rules.3821295127.udp_options.#": "0",
                            "state": "AVAILABLE",
                            "time_created": "2018-11-27 18:01:47.468 +0000 UTC",
                            "vcn_id": "ocid1.vcn.oc1.phx.aaaaaaaahe3s6asjj5tlgp7ys4mmpbtmkxwjhackkuzzzbtsh2ossshv34tq"
                        },
                        "meta": {
                            "e2bfb730-ecaa-11e6-8f88-34363bc7c4c0": {
                                "create": 900000000000,
                                "delete": 900000000000,
                                "update": 900000000000
                            }
                        },
                        "tainted": false
                    },
                    "deposed": [],
                    "provider": "provider.oci"
                },
                "oci_core_subnet.tf_public_subnet.0": {
                    "type": "oci_core_subnet",
                    "depends_on": [
                        "data.oci_identity_availability_domains.available",
                        "oci_core_route_table.my_route_table_public",
                        "oci_core_vcn.my_vcn"
                    ],
                    "primary": {
                        "id": "ocid1.subnet.oc1.phx.aaaaaaaavfn5ylamq55hljgvx477l5u455bnyjnht7punlv2zisu57u3uw2a",
                        "attributes": {
                            "availability_domain": "PoMA:PHX-AD-1",
                            "cidr_block": "10.123.1.0/24",
                            "compartment_id": "ocid1.compartment.oc1..aaaaaaaas3ezg6kigje2mnkgvqvknv6ow6klsrvpsc6of3a7gg75wwqjntoq",
                            "defined_tags.%": "0",
                            "dhcp_options_id": "ocid1.dhcpoptions.oc1.phx.aaaaaaaawou62caf3phsvrtx2s6grw44po52e762vbhznivaxo72qcvbp3qa",
                            "display_name": "tf_public_1",
                            "freeform_tags.%": "1",
                            "freeform_tags.Department": "developement",
                            "id": "ocid1.subnet.oc1.phx.aaaaaaaavfn5ylamq55hljgvx477l5u455bnyjnht7punlv2zisu57u3uw2a",
                            "prohibit_public_ip_on_vnic": "false",
                            "route_table_id": "ocid1.routetable.oc1.phx.aaaaaaaavqrlugn3iwmqbcfjdbqomsggmc7umip7hol4xpyzmkp5lplrtc5q",
                            "security_list_ids.#": "1",
                            "security_list_ids.277491087": "ocid1.securitylist.oc1.phx.aaaaaaaa36nmjp5ckzty3t4hgfkn5mafyvzuthbl5pqj5vbhcbojedqbqdwq",
                            "state": "AVAILABLE",
                            "time_created": "2018-11-27 18:01:51.236 +0000 UTC",
                            "vcn_id": "ocid1.vcn.oc1.phx.aaaaaaaahe3s6asjj5tlgp7ys4mmpbtmkxwjhackkuzzzbtsh2ossshv34tq",
                            "virtual_router_ip": "10.123.1.1",
                            "virtual_router_mac": "00:00:17:C0:E7:E0"
                        },
                        "meta": {
                            "e2bfb730-ecaa-11e6-8f88-34363bc7c4c0": {
                                "create": 900000000000,
                                "delete": 900000000000,
                                "update": 900000000000
                            }
                        },
                        "tainted": false
                    },
                    "deposed": [],
                    "provider": "provider.oci"
                },
                "oci_core_subnet.tf_public_subnet.1": {
                    "type": "oci_core_subnet",
                    "depends_on": [
                        "data.oci_identity_availability_domains.available",
                        "oci_core_route_table.my_route_table_public",
                        "oci_core_vcn.my_vcn"
                    ],
                    "primary": {
                        "id": "ocid1.subnet.oc1.phx.aaaaaaaa2gtqgzygfsrfg5n7s3su45hvjpvxbzo54nqsyaq4iugad75qf5ja",
                        "attributes": {
                            "availability_domain": "PoMA:PHX-AD-2",
                            "cidr_block": "10.123.2.0/24",
                            "compartment_id": "ocid1.compartment.oc1..aaaaaaaas3ezg6kigje2mnkgvqvknv6ow6klsrvpsc6of3a7gg75wwqjntoq",
                            "defined_tags.%": "0",
                            "dhcp_options_id": "ocid1.dhcpoptions.oc1.phx.aaaaaaaawou62caf3phsvrtx2s6grw44po52e762vbhznivaxo72qcvbp3qa",
                            "display_name": "tf_public_2",
                            "freeform_tags.%": "1",
                            "freeform_tags.Department": "developement",
                            "id": "ocid1.subnet.oc1.phx.aaaaaaaa2gtqgzygfsrfg5n7s3su45hvjpvxbzo54nqsyaq4iugad75qf5ja",
                            "prohibit_public_ip_on_vnic": "false",
                            "route_table_id": "ocid1.routetable.oc1.phx.aaaaaaaavqrlugn3iwmqbcfjdbqomsggmc7umip7hol4xpyzmkp5lplrtc5q",
                            "security_list_ids.#": "1",
                            "security_list_ids.277491087": "ocid1.securitylist.oc1.phx.aaaaaaaa36nmjp5ckzty3t4hgfkn5mafyvzuthbl5pqj5vbhcbojedqbqdwq",
                            "state": "AVAILABLE",
                            "time_created": "2018-11-27 18:01:50.682 +0000 UTC",
                            "vcn_id": "ocid1.vcn.oc1.phx.aaaaaaaahe3s6asjj5tlgp7ys4mmpbtmkxwjhackkuzzzbtsh2ossshv34tq",
                            "virtual_router_ip": "10.123.2.1",
                            "virtual_router_mac": "00:00:17:C0:E7:E0"
                        },
                        "meta": {
                            "e2bfb730-ecaa-11e6-8f88-34363bc7c4c0": {
                                "create": 900000000000,
                                "delete": 900000000000,
                                "update": 900000000000
                            }
                        },
                        "tainted": false
                    },
                    "deposed": [],
                    "provider": "provider.oci"
                },
                "oci_core_vcn.my_vcn": {
                    "type": "oci_core_vcn",
                    "depends_on": [],
                    "primary": {
                        "id": "ocid1.vcn.oc1.phx.aaaaaaaahe3s6asjj5tlgp7ys4mmpbtmkxwjhackkuzzzbtsh2ossshv34tq",
                        "attributes": {
                            "cidr_block": "10.123.0.0/16",
                            "compartment_id": "ocid1.compartment.oc1..aaaaaaaas3ezg6kigje2mnkgvqvknv6ow6klsrvpsc6of3a7gg75wwqjntoq",
                            "default_dhcp_options_id": "ocid1.dhcpoptions.oc1.phx.aaaaaaaawou62caf3phsvrtx2s6grw44po52e762vbhznivaxo72qcvbp3qa",
                            "default_route_table_id": "ocid1.routetable.oc1.phx.aaaaaaaavbhhk4ywsm7sib34m2v3xqr3ok62rqvil7wtmgqlr37gyxmyoz5q",
                            "default_security_list_id": "ocid1.securitylist.oc1.phx.aaaaaaaa36nmjp5ckzty3t4hgfkn5mafyvzuthbl5pqj5vbhcbojedqbqdwq",
                            "defined_tags.%": "0",
                            "display_name": "samarthvcn",
                            "freeform_tags.%": "0",
                            "id": "ocid1.vcn.oc1.phx.aaaaaaaahe3s6asjj5tlgp7ys4mmpbtmkxwjhackkuzzzbtsh2ossshv34tq",
                            "state": "AVAILABLE",
                            "time_created": "2018-11-27 18:01:46.013 +0000 UTC"
                        },
                        "meta": {
                            "e2bfb730-ecaa-11e6-8f88-34363bc7c4c0": {
                                "create": 900000000000,
                                "delete": 900000000000,
                                "update": 900000000000
                            }
                        },
                        "tainted": false
                    },
                    "deposed": [],
                    "provider": "provider.oci"
                }
            },
            "depends_on": []
        },
        {
            "path": [
                "root",
                "user"
            ],
            "outputs": {},
            "resources": {
                "oci_identity_user.test_user": {
                    "type": "oci_identity_user",
                    "depends_on": [],
                    "primary": {
                        "id": "ocid1.user.oc1..aaaaaaaarxingyyc6t4r4qrzbpqyr2tgn2e6el6v3bs7qknpiiyeotlzfqta",
                        "attributes": {
                            "compartment_id": "ocid1.tenancy.oc1..aaaaaaaafnbozefv3d7wqwi4hg6b2j3rjv2raxgmgya64445j63kf6645ovq",
                            "defined_tags.%": "0",
                            "description": "this is a dev user",
                            "freeform_tags.%": "0",
                            "id": "ocid1.user.oc1..aaaaaaaarxingyyc6t4r4qrzbpqyr2tgn2e6el6v3bs7qknpiiyeotlzfqta",
                            "name": "samarth",
                            "state": "ACTIVE",
                            "time_created": "2018-11-27 18:01:45.873 +0000 UTC"
                        },
                        "meta": {
                            "e2bfb730-ecaa-11e6-8f88-34363bc7c4c0": {
                                "create": 900000000000,
                                "delete": 900000000000,
                                "update": 900000000000
                            }
                        },
                        "tainted": false
                    },
                    "deposed": [],
                    "provider": "provider.oci"
                }
            },
            "depends_on": []
        }
    ]
}
