{
    "version": 3,
    "terraform_version": "0.11.5",
    "serial": 15,
    "lineage": "1dad0ee2-5be2-4ce2-8700-bb603768b7e7",
    "modules": [
        {
            "path": [
                "root"
            ],
            "outputs": {},
            "resources": {},
            "depends_on": []
        },
        {
            "path": [
                "root",
                "compute"
            ],
            "outputs": {},
            "resources": {
                "data.oci_identity_availability_domains.ADs": {
                    "type": "oci_identity_availability_domains",
                    "depends_on": [],
                    "primary": {
                        "id": "2018-12-02 11:49:33.209747828 +0000 UTC",
                        "attributes": {
                            "availability_domains.#": "3",
                            "availability_domains.0.compartment_id": "ocid1.tenancy.oc1..aaaaaaaafnbozefv3d7wqwi4hg6b2j3rjv2raxgmgya64445j63kf6645ovq",
                            "availability_domains.0.name": "PoMA:PHX-AD-1",
                            "availability_domains.1.compartment_id": "ocid1.tenancy.oc1..aaaaaaaafnbozefv3d7wqwi4hg6b2j3rjv2raxgmgya64445j63kf6645ovq",
                            "availability_domains.1.name": "PoMA:PHX-AD-2",
                            "availability_domains.2.compartment_id": "ocid1.tenancy.oc1..aaaaaaaafnbozefv3d7wqwi4hg6b2j3rjv2raxgmgya64445j63kf6645ovq",
                            "availability_domains.2.name": "PoMA:PHX-AD-3",
                            "compartment_id": "ocid1.tenancy.oc1..aaaaaaaafnbozefv3d7wqwi4hg6b2j3rjv2raxgmgya64445j63kf6645ovq",
                            "id": "2018-12-02 11:49:33.209747828 +0000 UTC"
                        },
                        "meta": {},
                        "tainted": false
                    },
                    "deposed": [],
                    "provider": "provider.oci"
                },
                "data.template_file.user-init.0": {
                    "type": "template_file",
                    "depends_on": [],
                    "primary": {
                        "id": "c10e102851e62ceee385f90f8ea3df3508dbafa44c56d01756c46d28541cdcf2",
                        "attributes": {
                            "id": "c10e102851e62ceee385f90f8ea3df3508dbafa44c56d01756c46d28541cdcf2",
                            "rendered": "IyEvYmluL2Jhc2gKeXVtIGluc3RhbGwgaHR0cGQgLXkKZWNobyAiU3VibmV0IGZvciBGaXJld2FsbDogJHtmaXJld2FsbF9zdWJuZXRzfSIgPj4gL3Zhci93d3cvaHRtbC9pbmRleC5odG1sCnNlcnZpY2UgaHR0cGQgc3RhcnQKY2hrY29uZmlnIGh0dHBkIG9uCg==",
                            "template": "IyEvYmluL2Jhc2gKeXVtIGluc3RhbGwgaHR0cGQgLXkKZWNobyAiU3VibmV0IGZvciBGaXJld2FsbDogJHtmaXJld2FsbF9zdWJuZXRzfSIgPj4gL3Zhci93d3cvaHRtbC9pbmRleC5odG1sCnNlcnZpY2UgaHR0cGQgc3RhcnQKY2hrY29uZmlnIGh0dHBkIG9uCg==",
                            "vars.%": "1",
                            "vars.firewall_subnets": "10.123.1.0/24"
                        },
                        "meta": {},
                        "tainted": false
                    },
                    "deposed": [],
                    "provider": "provider.template"
                },
                "data.template_file.user-init.1": {
                    "type": "template_file",
                    "depends_on": [],
                    "primary": {
                        "id": "c10e102851e62ceee385f90f8ea3df3508dbafa44c56d01756c46d28541cdcf2",
                        "attributes": {
                            "id": "c10e102851e62ceee385f90f8ea3df3508dbafa44c56d01756c46d28541cdcf2",
                            "rendered": "IyEvYmluL2Jhc2gKeXVtIGluc3RhbGwgaHR0cGQgLXkKZWNobyAiU3VibmV0IGZvciBGaXJld2FsbDogJHtmaXJld2FsbF9zdWJuZXRzfSIgPj4gL3Zhci93d3cvaHRtbC9pbmRleC5odG1sCnNlcnZpY2UgaHR0cGQgc3RhcnQKY2hrY29uZmlnIGh0dHBkIG9uCg==",
                            "template": "IyEvYmluL2Jhc2gKeXVtIGluc3RhbGwgaHR0cGQgLXkKZWNobyAiU3VibmV0IGZvciBGaXJld2FsbDogJHtmaXJld2FsbF9zdWJuZXRzfSIgPj4gL3Zhci93d3cvaHRtbC9pbmRleC5odG1sCnNlcnZpY2UgaHR0cGQgc3RhcnQKY2hrY29uZmlnIGh0dHBkIG9uCg==",
                            "vars.%": "1",
                            "vars.firewall_subnets": "10.123.2.0/24"
                        },
                        "meta": {},
                        "tainted": false
                    },
                    "deposed": [],
                    "provider": "provider.template"
                },
                "oci_core_instance.my_instance.0": {
                    "type": "oci_core_instance",
                    "depends_on": [
                        "data.oci_identity_availability_domains.ADs",
                        "data.template_file.user-init.*"
                    ],
                    "primary": {
                        "id": "ocid1.instance.oc1.phx.abyhqljtextrxs3klbpjxsfhgjtcr7khmvjmp2eoqcj6pkcdlmk6mwojatuq",
                        "attributes": {
                            "availability_domain": "PoMA:PHX-AD-1",
                            "boot_volume_id": "ocid1.bootvolume.oc1.phx.abyhqljtf55bycw5l4rufwmgvhmwe5fu43vmgsp4wf33umm7t5hwyftcvsra",
                            "compartment_id": "ocid1.compartment.oc1..aaaaaaaas3ezg6kigje2mnkgvqvknv6ow6klsrvpsc6of3a7gg75wwqjntoq",
                            "create_vnic_details.#": "1",
                            "create_vnic_details.0.assign_public_ip": "true",
                            "create_vnic_details.0.defined_tags.%": "0",
                            "create_vnic_details.0.display_name": "webservers",
                            "create_vnic_details.0.freeform_tags.%": "0",
                            "create_vnic_details.0.hostname_label": "",
                            "create_vnic_details.0.private_ip": "10.123.1.2",
                            "create_vnic_details.0.skip_source_dest_check": "false",
                            "create_vnic_details.0.subnet_id": "ocid1.subnet.oc1.phx.aaaaaaaaaxsgtz5hph54ngqkdos73mknuv63tzfkxgvwlfjt5ztzuebxyarq",
                            "defined_tags.%": "0",
                            "display_name": "webservers",
                            "fault_domain": "FAULT-DOMAIN-2",
                            "freeform_tags.%": "0",
                            "hostname_label": "",
                            "id": "ocid1.instance.oc1.phx.abyhqljtextrxs3klbpjxsfhgjtcr7khmvjmp2eoqcj6pkcdlmk6mwojatuq",
                            "image": "ocid1.image.oc1.phx.aaaaaaaaupbfz5f5hdvejulmalhyb6goieolullgkpumorbvxlwkaowglslq",
                            "launch_mode": "NATIVE",
                            "launch_options.#": "1",
                            "launch_options.0.boot_volume_type": "ISCSI",
                            "launch_options.0.firmware": "UEFI_64",
                            "launch_options.0.network_type": "VFIO",
                            "launch_options.0.remote_data_volume_type": "PARAVIRTUALIZED",
                            "metadata.%": "2",
                            "metadata.ssh_authorized_keys": "ssh-rsa AAAAB3NzaC1yc2EAAAADAQABAAABAQCvpr5uB1spB34aozJuUvvGbp564VeBHLTX5AKL4LXOgSVdNu5/rVKXJB9Di5j4qo4LyCQkbtIhiuGn/SqqtUfSthfUgs046GD33PLtkZAypTHvI3o4LjqRK8/0byRfKChbe9fR97gGdapjLuGVBs+MYYvPBbMtIDUl1nVKMbggJJTke7oBNPbq25ePScq1nN7AFeUX2cO7YWrVxnmmPJUpZFQ099Zr7f18hgovU/7lO25ryt45+BEOwca1M/6nCFGtvHhXvfr92a3k1WnG4hGjVc67+1TIt1gg4TTPAz4DtP61DLEbCRYEoC95WAMuwxkwdqZVpk+yhXvQ9v2ZVrvX root@terraform",
                            "metadata.user_data": "IyEvYmluL2Jhc2gKeXVtIGluc3RhbGwgaHR0cGQgLXkKZWNobyAiU3VibmV0IGZvciBGaXJld2FsbDogJHtmaXJld2FsbF9zdWJuZXRzfSIgPj4gL3Zhci93d3cvaHRtbC9pbmRleC5odG1sCnNlcnZpY2UgaHR0cGQgc3RhcnQKY2hrY29uZmlnIGh0dHBkIG9uCg==",
                            "private_ip": "10.123.1.2",
                            "public_ip": "129.146.80.41",
                            "region": "phx",
                            "shape": "VM.Standard2.1",
                            "source_details.#": "1",
                            "source_details.0.boot_volume_size_in_gbs": "47",
                            "source_details.0.kms_key_id": "",
                            "source_details.0.source_id": "ocid1.image.oc1.phx.aaaaaaaaupbfz5f5hdvejulmalhyb6goieolullgkpumorbvxlwkaowglslq",
                            "source_details.0.source_type": "image",
                            "state": "RUNNING",
                            "subnet_id": "ocid1.subnet.oc1.phx.aaaaaaaaaxsgtz5hph54ngqkdos73mknuv63tzfkxgvwlfjt5ztzuebxyarq",
                            "time_created": "2018-12-02 11:49:42.533 +0000 UTC",
                            "time_maintenance_reboot_due": ""
                        },
                        "meta": {
                            "e2bfb730-ecaa-11e6-8f88-34363bc7c4c0": {
                                "create": 7200000000000,
                                "delete": 7200000000000,
                                "update": 7200000000000
                            }
                        },
                        "tainted": false
                    },
                    "deposed": [],
                    "provider": "provider.oci"
                },
                "oci_core_instance.my_instance.1": {
                    "type": "oci_core_instance",
                    "depends_on": [
                        "data.oci_identity_availability_domains.ADs",
                        "data.template_file.user-init.*"
                    ],
                    "primary": {
                        "id": "ocid1.instance.oc1.phx.abyhqljsejpf2t5y2lub7lwgohwfxtldjlpli3nwaa7g42wkdk5cv7z62e2a",
                        "attributes": {
                            "availability_domain": "PoMA:PHX-AD-2",
                            "boot_volume_id": "ocid1.bootvolume.oc1.phx.abyhqljsyi6qcyrhcymjnkp5cta4fdlyfp4feiq4ndcz7jrwhhxiihfoxhoa",
                            "compartment_id": "ocid1.compartment.oc1..aaaaaaaas3ezg6kigje2mnkgvqvknv6ow6klsrvpsc6of3a7gg75wwqjntoq",
                            "create_vnic_details.#": "1",
                            "create_vnic_details.0.assign_public_ip": "true",
                            "create_vnic_details.0.defined_tags.%": "0",
                            "create_vnic_details.0.display_name": "webservers",
                            "create_vnic_details.0.freeform_tags.%": "0",
                            "create_vnic_details.0.hostname_label": "",
                            "create_vnic_details.0.private_ip": "10.123.2.2",
                            "create_vnic_details.0.skip_source_dest_check": "false",
                            "create_vnic_details.0.subnet_id": "ocid1.subnet.oc1.phx.aaaaaaaanrvaxqka563tpuw2ov3l65as7e5yfy424mwkpgsp2dcmccg4t2ha",
                            "defined_tags.%": "0",
                            "display_name": "webservers",
                            "fault_domain": "FAULT-DOMAIN-3",
                            "freeform_tags.%": "0",
                            "hostname_label": "",
                            "id": "ocid1.instance.oc1.phx.abyhqljsejpf2t5y2lub7lwgohwfxtldjlpli3nwaa7g42wkdk5cv7z62e2a",
                            "image": "ocid1.image.oc1.phx.aaaaaaaaupbfz5f5hdvejulmalhyb6goieolullgkpumorbvxlwkaowglslq",
                            "launch_mode": "NATIVE",
                            "launch_options.#": "1",
                            "launch_options.0.boot_volume_type": "ISCSI",
                            "launch_options.0.firmware": "UEFI_64",
                            "launch_options.0.network_type": "VFIO",
                            "launch_options.0.remote_data_volume_type": "PARAVIRTUALIZED",
                            "metadata.%": "2",
                            "metadata.ssh_authorized_keys": "ssh-rsa AAAAB3NzaC1yc2EAAAADAQABAAABAQCvpr5uB1spB34aozJuUvvGbp564VeBHLTX5AKL4LXOgSVdNu5/rVKXJB9Di5j4qo4LyCQkbtIhiuGn/SqqtUfSthfUgs046GD33PLtkZAypTHvI3o4LjqRK8/0byRfKChbe9fR97gGdapjLuGVBs+MYYvPBbMtIDUl1nVKMbggJJTke7oBNPbq25ePScq1nN7AFeUX2cO7YWrVxnmmPJUpZFQ099Zr7f18hgovU/7lO25ryt45+BEOwca1M/6nCFGtvHhXvfr92a3k1WnG4hGjVc67+1TIt1gg4TTPAz4DtP61DLEbCRYEoC95WAMuwxkwdqZVpk+yhXvQ9v2ZVrvX root@terraform",
                            "metadata.user_data": "IyEvYmluL2Jhc2gKeXVtIGluc3RhbGwgaHR0cGQgLXkKZWNobyAiU3VibmV0IGZvciBGaXJld2FsbDogJHtmaXJld2FsbF9zdWJuZXRzfSIgPj4gL3Zhci93d3cvaHRtbC9pbmRleC5odG1sCnNlcnZpY2UgaHR0cGQgc3RhcnQKY2hrY29uZmlnIGh0dHBkIG9uCg==",
                            "private_ip": "10.123.2.2",
                            "public_ip": "129.146.165.33",
                            "region": "phx",
                            "shape": "VM.Standard2.1",
                            "source_details.#": "1",
                            "source_details.0.boot_volume_size_in_gbs": "47",
                            "source_details.0.kms_key_id": "",
                            "source_details.0.source_id": "ocid1.image.oc1.phx.aaaaaaaaupbfz5f5hdvejulmalhyb6goieolullgkpumorbvxlwkaowglslq",
                            "source_details.0.source_type": "image",
                            "state": "RUNNING",
                            "subnet_id": "ocid1.subnet.oc1.phx.aaaaaaaanrvaxqka563tpuw2ov3l65as7e5yfy424mwkpgsp2dcmccg4t2ha",
                            "time_created": "2018-12-02 11:49:42.773 +0000 UTC",
                            "time_maintenance_reboot_due": ""
                        },
                        "meta": {
                            "e2bfb730-ecaa-11e6-8f88-34363bc7c4c0": {
                                "create": 7200000000000,
                                "delete": 7200000000000,
                                "update": 7200000000000
                            }
                        },
                        "tainted": false
                    },
                    "deposed": [],
                    "provider": "provider.oci"
                }
            },
            "depends_on": []
        },
        {
            "path": [
                "root",
                "networking"
            ],
            "outputs": {
                "public_sg": {
                    "sensitive": false,
                    "type": "string",
                    "value": "ocid1.securitylist.oc1.phx.aaaaaaaakzhro4yeeuwouoeg537yldjl7ghiuqv62c3ef3tl6kl7dm4fi7ya"
                },
                "public_subnets": {
                    "sensitive": false,
                    "type": "list",
                    "value": [
                        "ocid1.subnet.oc1.phx.aaaaaaaaaxsgtz5hph54ngqkdos73mknuv63tzfkxgvwlfjt5ztzuebxyarq",
                        "ocid1.subnet.oc1.phx.aaaaaaaanrvaxqka563tpuw2ov3l65as7e5yfy424mwkpgsp2dcmccg4t2ha"
                    ]
                },
                "subnets_ips": {
                    "sensitive": false,
                    "type": "list",
                    "value": [
                        "10.123.1.0/24",
                        "10.123.2.0/24"
                    ]
                }
            },
            "resources": {
                "data.oci_identity_availability_domains.available": {
                    "type": "oci_identity_availability_domains",
                    "depends_on": [],
                    "primary": {
                        "id": "2018-12-02 11:49:33.200857059 +0000 UTC",
                        "attributes": {
                            "availability_domains.#": "3",
                            "availability_domains.0.compartment_id": "ocid1.compartment.oc1..aaaaaaaas3ezg6kigje2mnkgvqvknv6ow6klsrvpsc6of3a7gg75wwqjntoq",
                            "availability_domains.0.name": "PoMA:PHX-AD-1",
                            "availability_domains.1.compartment_id": "ocid1.compartment.oc1..aaaaaaaas3ezg6kigje2mnkgvqvknv6ow6klsrvpsc6of3a7gg75wwqjntoq",
                            "availability_domains.1.name": "PoMA:PHX-AD-2",
                            "availability_domains.2.compartment_id": "ocid1.compartment.oc1..aaaaaaaas3ezg6kigje2mnkgvqvknv6ow6klsrvpsc6of3a7gg75wwqjntoq",
                            "availability_domains.2.name": "PoMA:PHX-AD-3",
                            "compartment_id": "ocid1.compartment.oc1..aaaaaaaas3ezg6kigje2mnkgvqvknv6ow6klsrvpsc6of3a7gg75wwqjntoq",
                            "id": "2018-12-02 11:49:33.200857059 +0000 UTC"
                        },
                        "meta": {},
                        "tainted": false
                    },
                    "deposed": [],
                    "provider": "provider.oci"
                },
                "oci_core_default_route_table.my_route_table_private": {
                    "type": "oci_core_default_route_table",
                    "depends_on": [
                        "oci_core_vcn.my_vcn"
                    ],
                    "primary": {
                        "id": "ocid1.routetable.oc1.phx.aaaaaaaatfnrqf4wiydsarxwvqehe5fb22cxv4ifmzqn3cphewzyhgcmohdq",
                        "attributes": {
                            "defined_tags.%": "0",
                            "display_name": "Default Route Table for samarthvcn",
                            "freeform_tags.%": "0",
                            "id": "ocid1.routetable.oc1.phx.aaaaaaaatfnrqf4wiydsarxwvqehe5fb22cxv4ifmzqn3cphewzyhgcmohdq",
                            "manage_default_resource_id": "ocid1.routetable.oc1.phx.aaaaaaaatfnrqf4wiydsarxwvqehe5fb22cxv4ifmzqn3cphewzyhgcmohdq",
                            "route_rules.#": "0",
                            "state": "AVAILABLE",
                            "time_created": "2018-12-02 11:49:37.061 +0000 UTC"
                        },
                        "meta": {
                            "e2bfb730-ecaa-11e6-8f88-34363bc7c4c0": {
                                "create": 900000000000,
                                "delete": 900000000000,
                                "update": 900000000000
                            }
                        },
                        "tainted": false
                    },
                    "deposed": [],
                    "provider": "provider.oci"
                },
                "oci_core_internet_gateway.myIGW": {
                    "type": "oci_core_internet_gateway",
                    "depends_on": [
                        "oci_core_vcn.my_vcn"
                    ],
                    "primary": {
                        "id": "ocid1.internetgateway.oc1.phx.aaaaaaaaftduo7ts3qkzwqinaqhfzhl5ajayxcjgqyalvvititzlmkwpfuwa",
                        "attributes": {
                            "compartment_id": "ocid1.compartment.oc1..aaaaaaaas3ezg6kigje2mnkgvqvknv6ow6klsrvpsc6of3a7gg75wwqjntoq",
                            "defined_tags.%": "0",
                            "display_name": "internetgateway20181202114938",
                            "enabled": "true",
                            "freeform_tags.%": "0",
                            "id": "ocid1.internetgateway.oc1.phx.aaaaaaaaftduo7ts3qkzwqinaqhfzhl5ajayxcjgqyalvvititzlmkwpfuwa",
                            "state": "AVAILABLE",
                            "time_created": "2018-12-02 11:49:38.316 +0000 UTC",
                            "vcn_id": "ocid1.vcn.oc1.phx.aaaaaaaa457iy5ypmxjys45xgnzikn2gwkav4a3b554km7ruuqtljogmm2xa"
                        },
                        "meta": {
                            "e2bfb730-ecaa-11e6-8f88-34363bc7c4c0": {
                                "create": 900000000000,
                                "delete": 900000000000,
                                "update": 900000000000
                            }
                        },
                        "tainted": false
                    },
                    "deposed": [],
                    "provider": "provider.oci"
                },
                "oci_core_route_table.my_route_table_public": {
                    "type": "oci_core_route_table",
                    "depends_on": [
                        "oci_core_internet_gateway.myIGW",
                        "oci_core_vcn.my_vcn"
                    ],
                    "primary": {
                        "id": "ocid1.routetable.oc1.phx.aaaaaaaawpr3ea2qg4gtck7okfiabhs44vy7p44t7tuxi556ruay6iv57qma",
                        "attributes": {
                            "compartment_id": "ocid1.compartment.oc1..aaaaaaaas3ezg6kigje2mnkgvqvknv6ow6klsrvpsc6of3a7gg75wwqjntoq",
                            "defined_tags.%": "0",
                            "display_name": "routetable20181202114939",
                            "freeform_tags.%": "0",
                            "id": "ocid1.routetable.oc1.phx.aaaaaaaawpr3ea2qg4gtck7okfiabhs44vy7p44t7tuxi556ruay6iv57qma",
                            "route_rules.#": "1",
                            "route_rules.188821582.cidr_block": "0.0.0.0/0",
                            "route_rules.188821582.destination": "0.0.0.0/0",
                            "route_rules.188821582.destination_type": "CIDR_BLOCK",
                            "route_rules.188821582.network_entity_id": "ocid1.internetgateway.oc1.phx.aaaaaaaaftduo7ts3qkzwqinaqhfzhl5ajayxcjgqyalvvititzlmkwpfuwa",
                            "state": "AVAILABLE",
                            "time_created": "2018-12-02 11:49:39.293 +0000 UTC",
                            "vcn_id": "ocid1.vcn.oc1.phx.aaaaaaaa457iy5ypmxjys45xgnzikn2gwkav4a3b554km7ruuqtljogmm2xa"
                        },
                        "meta": {
                            "e2bfb730-ecaa-11e6-8f88-34363bc7c4c0": {
                                "create": 900000000000,
                                "delete": 900000000000,
                                "update": 900000000000
                            }
                        },
                        "tainted": false
                    },
                    "deposed": [],
                    "provider": "provider.oci"
                },
                "oci_core_security_list.tf_public_sl": {
                    "type": "oci_core_security_list",
                    "depends_on": [
                        "oci_core_vcn.my_vcn"
                    ],
                    "primary": {
                        "id": "ocid1.securitylist.oc1.phx.aaaaaaaakzhro4yeeuwouoeg537yldjl7ghiuqv62c3ef3tl6kl7dm4fi7ya",
                        "attributes": {
                            "compartment_id": "ocid1.compartment.oc1..aaaaaaaas3ezg6kigje2mnkgvqvknv6ow6klsrvpsc6of3a7gg75wwqjntoq",
                            "defined_tags.%": "0",
                            "display_name": "TFExampleSecurityList",
                            "egress_security_rules.#": "1",
                            "egress_security_rules.1420396200.destination": "0.0.0.0/0",
                            "egress_security_rules.1420396200.destination_type": "CIDR_BLOCK",
                            "egress_security_rules.1420396200.icmp_options.#": "0",
                            "egress_security_rules.1420396200.protocol": "6",
                            "egress_security_rules.1420396200.stateless": "false",
                            "egress_security_rules.1420396200.tcp_options.#": "0",
                            "egress_security_rules.1420396200.udp_options.#": "0",
                            "freeform_tags.%": "0",
                            "id": "ocid1.securitylist.oc1.phx.aaaaaaaakzhro4yeeuwouoeg537yldjl7ghiuqv62c3ef3tl6kl7dm4fi7ya",
                            "ingress_security_rules.#": "2",
                            "ingress_security_rules.2401870073.icmp_options.#": "0",
                            "ingress_security_rules.2401870073.protocol": "6",
                            "ingress_security_rules.2401870073.source": "0.0.0.0/0",
                            "ingress_security_rules.2401870073.source_type": "CIDR_BLOCK",
                            "ingress_security_rules.2401870073.stateless": "false",
                            "ingress_security_rules.2401870073.tcp_options.#": "1",
                            "ingress_security_rules.2401870073.tcp_options.0.max": "22",
                            "ingress_security_rules.2401870073.tcp_options.0.min": "22",
                            "ingress_security_rules.2401870073.tcp_options.0.source_port_range.#": "1",
                            "ingress_security_rules.2401870073.tcp_options.0.source_port_range.0.max": "22",
                            "ingress_security_rules.2401870073.tcp_options.0.source_port_range.0.min": "22",
                            "ingress_security_rules.2401870073.udp_options.#": "0",
                            "ingress_security_rules.3821295127.icmp_options.#": "0",
                            "ingress_security_rules.3821295127.protocol": "6",
                            "ingress_security_rules.3821295127.source": "0.0.0.0/0",
                            "ingress_security_rules.3821295127.source_type": "CIDR_BLOCK",
                            "ingress_security_rules.3821295127.stateless": "false",
                            "ingress_security_rules.3821295127.tcp_options.#": "0",
                            "ingress_security_rules.3821295127.udp_options.#": "0",
                            "state": "AVAILABLE",
                            "time_created": "2018-12-02 11:49:38.477 +0000 UTC",
                            "vcn_id": "ocid1.vcn.oc1.phx.aaaaaaaa457iy5ypmxjys45xgnzikn2gwkav4a3b554km7ruuqtljogmm2xa"
                        },
                        "meta": {
                            "e2bfb730-ecaa-11e6-8f88-34363bc7c4c0": {
                                "create": 900000000000,
                                "delete": 900000000000,
                                "update": 900000000000
                            }
                        },
                        "tainted": false
                    },
                    "deposed": [],
                    "provider": "provider.oci"
                },
                "oci_core_subnet.tf_public_subnet.0": {
                    "type": "oci_core_subnet",
                    "depends_on": [
                        "data.oci_identity_availability_domains.available",
                        "oci_core_route_table.my_route_table_public",
                        "oci_core_vcn.my_vcn"
                    ],
                    "primary": {
                        "id": "ocid1.subnet.oc1.phx.aaaaaaaaaxsgtz5hph54ngqkdos73mknuv63tzfkxgvwlfjt5ztzuebxyarq",
                        "attributes": {
                            "availability_domain": "PoMA:PHX-AD-1",
                            "cidr_block": "10.123.1.0/24",
                            "compartment_id": "ocid1.compartment.oc1..aaaaaaaas3ezg6kigje2mnkgvqvknv6ow6klsrvpsc6of3a7gg75wwqjntoq",
                            "defined_tags.%": "0",
                            "dhcp_options_id": "ocid1.dhcpoptions.oc1.phx.aaaaaaaavxmpiomcshofocggsooc5zgovcwjriu3ocozfu5xnledk4rhuz7a",
                            "display_name": "tf_public_1",
                            "freeform_tags.%": "1",
                            "freeform_tags.Department": "developement",
                            "id": "ocid1.subnet.oc1.phx.aaaaaaaaaxsgtz5hph54ngqkdos73mknuv63tzfkxgvwlfjt5ztzuebxyarq",
                            "prohibit_public_ip_on_vnic": "false",
                            "route_table_id": "ocid1.routetable.oc1.phx.aaaaaaaawpr3ea2qg4gtck7okfiabhs44vy7p44t7tuxi556ruay6iv57qma",
                            "security_list_ids.#": "1",
                            "security_list_ids.1384747216": "ocid1.securitylist.oc1.phx.aaaaaaaaodo6t45i3gjhnkwjii2u2mq36qe2yothuucsfl545q26sqx6hvdq",
                            "state": "AVAILABLE",
                            "time_created": "2018-12-02 11:49:41.071 +0000 UTC",
                            "vcn_id": "ocid1.vcn.oc1.phx.aaaaaaaa457iy5ypmxjys45xgnzikn2gwkav4a3b554km7ruuqtljogmm2xa",
                            "virtual_router_ip": "10.123.1.1",
                            "virtual_router_mac": "00:00:17:9E:72:4D"
                        },
                        "meta": {
                            "e2bfb730-ecaa-11e6-8f88-34363bc7c4c0": {
                                "create": 900000000000,
                                "delete": 900000000000,
                                "update": 900000000000
                            }
                        },
                        "tainted": false
                    },
                    "deposed": [],
                    "provider": "provider.oci"
                },
                "oci_core_subnet.tf_public_subnet.1": {
                    "type": "oci_core_subnet",
                    "depends_on": [
                        "data.oci_identity_availability_domains.available",
                        "oci_core_route_table.my_route_table_public",
                        "oci_core_vcn.my_vcn"
                    ],
                    "primary": {
                        "id": "ocid1.subnet.oc1.phx.aaaaaaaanrvaxqka563tpuw2ov3l65as7e5yfy424mwkpgsp2dcmccg4t2ha",
                        "attributes": {
                            "availability_domain": "PoMA:PHX-AD-2",
                            "cidr_block": "10.123.2.0/24",
                            "compartment_id": "ocid1.compartment.oc1..aaaaaaaas3ezg6kigje2mnkgvqvknv6ow6klsrvpsc6of3a7gg75wwqjntoq",
                            "defined_tags.%": "0",
                            "dhcp_options_id": "ocid1.dhcpoptions.oc1.phx.aaaaaaaavxmpiomcshofocggsooc5zgovcwjriu3ocozfu5xnledk4rhuz7a",
                            "display_name": "tf_public_2",
                            "freeform_tags.%": "1",
                            "freeform_tags.Department": "developement",
                            "id": "ocid1.subnet.oc1.phx.aaaaaaaanrvaxqka563tpuw2ov3l65as7e5yfy424mwkpgsp2dcmccg4t2ha",
                            "prohibit_public_ip_on_vnic": "false",
                            "route_table_id": "ocid1.routetable.oc1.phx.aaaaaaaawpr3ea2qg4gtck7okfiabhs44vy7p44t7tuxi556ruay6iv57qma",
                            "security_list_ids.#": "1",
                            "security_list_ids.1384747216": "ocid1.securitylist.oc1.phx.aaaaaaaaodo6t45i3gjhnkwjii2u2mq36qe2yothuucsfl545q26sqx6hvdq",
                            "state": "AVAILABLE",
                            "time_created": "2018-12-02 11:49:40.592 +0000 UTC",
                            "vcn_id": "ocid1.vcn.oc1.phx.aaaaaaaa457iy5ypmxjys45xgnzikn2gwkav4a3b554km7ruuqtljogmm2xa",
                            "virtual_router_ip": "10.123.2.1",
                            "virtual_router_mac": "00:00:17:9E:72:4D"
                        },
                        "meta": {
                            "e2bfb730-ecaa-11e6-8f88-34363bc7c4c0": {
                                "create": 900000000000,
                                "delete": 900000000000,
                                "update": 900000000000
                            }
                        },
                        "tainted": false
                    },
                    "deposed": [],
                    "provider": "provider.oci"
                },
                "oci_core_vcn.my_vcn": {
                    "type": "oci_core_vcn",
                    "depends_on": [],
                    "primary": {
                        "id": "ocid1.vcn.oc1.phx.aaaaaaaa457iy5ypmxjys45xgnzikn2gwkav4a3b554km7ruuqtljogmm2xa",
                        "attributes": {
                            "cidr_block": "10.123.0.0/16",
                            "compartment_id": "ocid1.compartment.oc1..aaaaaaaas3ezg6kigje2mnkgvqvknv6ow6klsrvpsc6of3a7gg75wwqjntoq",
                            "default_dhcp_options_id": "ocid1.dhcpoptions.oc1.phx.aaaaaaaavxmpiomcshofocggsooc5zgovcwjriu3ocozfu5xnledk4rhuz7a",
                            "default_route_table_id": "ocid1.routetable.oc1.phx.aaaaaaaatfnrqf4wiydsarxwvqehe5fb22cxv4ifmzqn3cphewzyhgcmohdq",
                            "default_security_list_id": "ocid1.securitylist.oc1.phx.aaaaaaaaodo6t45i3gjhnkwjii2u2mq36qe2yothuucsfl545q26sqx6hvdq",
                            "defined_tags.%": "0",
                            "display_name": "samarthvcn",
                            "freeform_tags.%": "0",
                            "id": "ocid1.vcn.oc1.phx.aaaaaaaa457iy5ypmxjys45xgnzikn2gwkav4a3b554km7ruuqtljogmm2xa",
                            "state": "AVAILABLE",
                            "time_created": "2018-12-02 11:49:37.061 +0000 UTC"
                        },
                        "meta": {
                            "e2bfb730-ecaa-11e6-8f88-34363bc7c4c0": {
                                "create": 900000000000,
                                "delete": 900000000000,
                                "update": 900000000000
                            }
                        },
                        "tainted": false
                    },
                    "deposed": [],
                    "provider": "provider.oci"
                }
            },
            "depends_on": []
        },
        {
            "path": [
                "root",
                "user"
            ],
            "outputs": {},
            "resources": {
                "oci_identity_user.test_user": {
                    "type": "oci_identity_user",
                    "depends_on": [],
                    "primary": {
                        "id": "ocid1.user.oc1..aaaaaaaaspfmsynq7itliaruoarzrc2vxhqp3f6uttkcexz7naig5xpgvuvq",
                        "attributes": {
                            "compartment_id": "ocid1.tenancy.oc1..aaaaaaaafnbozefv3d7wqwi4hg6b2j3rjv2raxgmgya64445j63kf6645ovq",
                            "defined_tags.%": "0",
                            "description": "this is a dev user",
                            "freeform_tags.%": "0",
                            "id": "ocid1.user.oc1..aaaaaaaaspfmsynq7itliaruoarzrc2vxhqp3f6uttkcexz7naig5xpgvuvq",
                            "name": "samarth",
                            "state": "ACTIVE",
                            "time_created": "2018-12-02 11:49:37.013 +0000 UTC"
                        },
                        "meta": {
                            "e2bfb730-ecaa-11e6-8f88-34363bc7c4c0": {
                                "create": 900000000000,
                                "delete": 900000000000,
                                "update": 900000000000
                            }
                        },
                        "tainted": false
                    },
                    "deposed": [],
                    "provider": "provider.oci"
                }
            },
            "depends_on": []
        }
    ]
}
