{
    "version": 3,
    "terraform_version": "0.11.5",
    "serial": 2,
    "lineage": "f7ddd9df-0221-3626-1376-da1550532226",
    "modules": [
        {
            "path": [
                "root"
            ],
            "outputs": {},
            "resources": {
                "data.oci_identity_availability_domains.available": {
                    "type": "oci_identity_availability_domains",
                    "depends_on": [],
                    "primary": {
                        "id": "2018-11-21 04:57:37.612459 +0000 UTC",
                        "attributes": {
                            "availability_domains.#": "3",
                            "availability_domains.0.compartment_id": "ocid1.compartment.oc1..aaaaaaaa47qcqajslfevsnwvzkcyoxgd52m2jqhmypos4cpcyubaorn5qg3a",
                            "availability_domains.0.name": "EKER:EU-FRANKFURT-1-AD-1",
                            "availability_domains.1.compartment_id": "ocid1.compartment.oc1..aaaaaaaa47qcqajslfevsnwvzkcyoxgd52m2jqhmypos4cpcyubaorn5qg3a",
                            "availability_domains.1.name": "EKER:EU-FRANKFURT-1-AD-2",
                            "availability_domains.2.compartment_id": "ocid1.compartment.oc1..aaaaaaaa47qcqajslfevsnwvzkcyoxgd52m2jqhmypos4cpcyubaorn5qg3a",
                            "availability_domains.2.name": "EKER:EU-FRANKFURT-1-AD-3",
                            "compartment_id": "ocid1.compartment.oc1..aaaaaaaa47qcqajslfevsnwvzkcyoxgd52m2jqhmypos4cpcyubaorn5qg3a",
                            "id": "2018-11-21 04:57:37.612459 +0000 UTC"
                        },
                        "meta": {},
                        "tainted": false
                    },
                    "deposed": [],
                    "provider": "provider.oci"
                },
                "oci_core_default_route_table.my_route_table_private": {
                    "type": "oci_core_default_route_table",
                    "depends_on": [
                        "oci_core_vcn.my_vcn"
                    ],
                    "primary": {
                        "id": "ocid1.routetable.oc1.eu-frankfurt-1.aaaaaaaazyv2jesjq4i6g3rbauj5ks2nhif5ebt7fzdadrgojdeps3kyzohq",
                        "attributes": {
                            "defined_tags.%": "0",
                            "display_name": "Default Route Table for samarth",
                            "freeform_tags.%": "0",
                            "id": "ocid1.routetable.oc1.eu-frankfurt-1.aaaaaaaazyv2jesjq4i6g3rbauj5ks2nhif5ebt7fzdadrgojdeps3kyzohq",
                            "manage_default_resource_id": "ocid1.routetable.oc1.eu-frankfurt-1.aaaaaaaazyv2jesjq4i6g3rbauj5ks2nhif5ebt7fzdadrgojdeps3kyzohq",
                            "route_rules.#": "0",
                            "state": "AVAILABLE",
                            "time_created": "2018-11-21 04:57:40.545 +0000 UTC"
                        },
                        "meta": {
                            "e2bfb730-ecaa-11e6-8f88-34363bc7c4c0": {
                                "create": 900000000000,
                                "delete": 900000000000,
                                "update": 900000000000
                            }
                        },
                        "tainted": false
                    },
                    "deposed": [],
                    "provider": "provider.oci"
                },
                "oci_core_internet_gateway.myIGW": {
                    "type": "oci_core_internet_gateway",
                    "depends_on": [
                        "oci_core_vcn.my_vcn"
                    ],
                    "primary": {
                        "id": "ocid1.internetgateway.oc1.eu-frankfurt-1.aaaaaaaatflcc6fwt3pzcx5g2rnivl2j5sjegtsjuagf7ocnif5c3wbaofoa",
                        "attributes": {
                            "compartment_id": "ocid1.compartment.oc1..aaaaaaaa47qcqajslfevsnwvzkcyoxgd52m2jqhmypos4cpcyubaorn5qg3a",
                            "defined_tags.%": "0",
                            "display_name": "internetgateway20181121045740",
                            "enabled": "true",
                            "freeform_tags.%": "0",
                            "id": "ocid1.internetgateway.oc1.eu-frankfurt-1.aaaaaaaatflcc6fwt3pzcx5g2rnivl2j5sjegtsjuagf7ocnif5c3wbaofoa",
                            "state": "AVAILABLE",
                            "time_created": "2018-11-21 04:57:40.972 +0000 UTC",
                            "vcn_id": "ocid1.vcn.oc1.eu-frankfurt-1.aaaaaaaao5mhdsxgw45h67hd6lnbjpq66fzk4u5qe5pfpusm5nn3m2lb6b7a"
                        },
                        "meta": {
                            "e2bfb730-ecaa-11e6-8f88-34363bc7c4c0": {
                                "create": 900000000000,
                                "delete": 900000000000,
                                "update": 900000000000
                            }
                        },
                        "tainted": false
                    },
                    "deposed": [],
                    "provider": "provider.oci"
                },
                "oci_core_route_table.my_route_table_public": {
                    "type": "oci_core_route_table",
                    "depends_on": [
                        "oci_core_internet_gateway.myIGW",
                        "oci_core_vcn.my_vcn"
                    ],
                    "primary": {
                        "id": "ocid1.routetable.oc1.eu-frankfurt-1.aaaaaaaahbyl6izknojx5oqfc4y5dkhydhmrfop62a6hux7k52hgmg2glqdq",
                        "attributes": {
                            "compartment_id": "ocid1.compartment.oc1..aaaaaaaa47qcqajslfevsnwvzkcyoxgd52m2jqhmypos4cpcyubaorn5qg3a",
                            "defined_tags.%": "0",
                            "display_name": "routetable20181121045741",
                            "freeform_tags.%": "0",
                            "id": "ocid1.routetable.oc1.eu-frankfurt-1.aaaaaaaahbyl6izknojx5oqfc4y5dkhydhmrfop62a6hux7k52hgmg2glqdq",
                            "route_rules.#": "1",
                            "route_rules.3341093934.cidr_block": "0.0.0.0/0",
                            "route_rules.3341093934.destination": "0.0.0.0/0",
                            "route_rules.3341093934.destination_type": "CIDR_BLOCK",
                            "route_rules.3341093934.network_entity_id": "ocid1.internetgateway.oc1.eu-frankfurt-1.aaaaaaaatflcc6fwt3pzcx5g2rnivl2j5sjegtsjuagf7ocnif5c3wbaofoa",
                            "state": "AVAILABLE",
                            "time_created": "2018-11-21 04:57:41.285 +0000 UTC",
                            "vcn_id": "ocid1.vcn.oc1.eu-frankfurt-1.aaaaaaaao5mhdsxgw45h67hd6lnbjpq66fzk4u5qe5pfpusm5nn3m2lb6b7a"
                        },
                        "meta": {
                            "e2bfb730-ecaa-11e6-8f88-34363bc7c4c0": {
                                "create": 900000000000,
                                "delete": 900000000000,
                                "update": 900000000000
                            }
                        },
                        "tainted": false
                    },
                    "deposed": [],
                    "provider": "provider.oci"
                },
                "oci_core_security_list.tf_public_sl": {
                    "type": "oci_core_security_list",
                    "depends_on": [
                        "oci_core_vcn.my_vcn"
                    ],
                    "primary": {
                        "id": "ocid1.securitylist.oc1.eu-frankfurt-1.aaaaaaaavykgy2vqzdkolumsu7v2bt6zp4ar4h25w7du6kdktndxtehl3egq",
                        "attributes": {
                            "compartment_id": "ocid1.compartment.oc1..aaaaaaaa47qcqajslfevsnwvzkcyoxgd52m2jqhmypos4cpcyubaorn5qg3a",
                            "defined_tags.%": "0",
                            "display_name": "TFExampleSecurityList",
                            "egress_security_rules.#": "1",
                            "egress_security_rules.1420396200.destination": "0.0.0.0/0",
                            "egress_security_rules.1420396200.destination_type": "CIDR_BLOCK",
                            "egress_security_rules.1420396200.icmp_options.#": "0",
                            "egress_security_rules.1420396200.protocol": "6",
                            "egress_security_rules.1420396200.stateless": "false",
                            "egress_security_rules.1420396200.tcp_options.#": "0",
                            "egress_security_rules.1420396200.udp_options.#": "0",
                            "freeform_tags.%": "0",
                            "id": "ocid1.securitylist.oc1.eu-frankfurt-1.aaaaaaaavykgy2vqzdkolumsu7v2bt6zp4ar4h25w7du6kdktndxtehl3egq",
                            "ingress_security_rules.#": "2",
                            "ingress_security_rules.2401870073.icmp_options.#": "0",
                            "ingress_security_rules.2401870073.protocol": "6",
                            "ingress_security_rules.2401870073.source": "0.0.0.0/0",
                            "ingress_security_rules.2401870073.source_type": "CIDR_BLOCK",
                            "ingress_security_rules.2401870073.stateless": "false",
                            "ingress_security_rules.2401870073.tcp_options.#": "1",
                            "ingress_security_rules.2401870073.tcp_options.0.max": "22",
                            "ingress_security_rules.2401870073.tcp_options.0.min": "22",
                            "ingress_security_rules.2401870073.tcp_options.0.source_port_range.#": "1",
                            "ingress_security_rules.2401870073.tcp_options.0.source_port_range.0.max": "22",
                            "ingress_security_rules.2401870073.tcp_options.0.source_port_range.0.min": "22",
                            "ingress_security_rules.2401870073.udp_options.#": "0",
                            "ingress_security_rules.3821295127.icmp_options.#": "0",
                            "ingress_security_rules.3821295127.protocol": "6",
                            "ingress_security_rules.3821295127.source": "0.0.0.0/0",
                            "ingress_security_rules.3821295127.source_type": "CIDR_BLOCK",
                            "ingress_security_rules.3821295127.stateless": "false",
                            "ingress_security_rules.3821295127.tcp_options.#": "0",
                            "ingress_security_rules.3821295127.udp_options.#": "0",
                            "state": "AVAILABLE",
                            "time_created": "2018-11-21 04:57:41.088 +0000 UTC",
                            "vcn_id": "ocid1.vcn.oc1.eu-frankfurt-1.aaaaaaaao5mhdsxgw45h67hd6lnbjpq66fzk4u5qe5pfpusm5nn3m2lb6b7a"
                        },
                        "meta": {
                            "e2bfb730-ecaa-11e6-8f88-34363bc7c4c0": {
                                "create": 900000000000,
                                "delete": 900000000000,
                                "update": 900000000000
                            }
                        },
                        "tainted": false
                    },
                    "deposed": [],
                    "provider": "provider.oci"
                },
                "oci_core_subnet.tf_public_subnet.0": {
                    "type": "oci_core_subnet",
                    "depends_on": [
                        "data.oci_identity_availability_domains.available",
                        "oci_core_route_table.my_route_table_public",
                        "oci_core_vcn.my_vcn"
                    ],
                    "primary": {
                        "id": "ocid1.subnet.oc1.eu-frankfurt-1.aaaaaaaamcghzdl42jpfnnri2z42x7ptiaky3deit7he6famlexczrkhbs5q",
                        "attributes": {
                            "availability_domain": "EKER:EU-FRANKFURT-1-AD-1",
                            "cidr_block": "10.123.1.0/24",
                            "compartment_id": "ocid1.compartment.oc1..aaaaaaaa47qcqajslfevsnwvzkcyoxgd52m2jqhmypos4cpcyubaorn5qg3a",
                            "defined_tags.%": "0",
                            "dhcp_options_id": "ocid1.dhcpoptions.oc1.eu-frankfurt-1.aaaaaaaafapqef2uxfhsld7vzormzdjs7d5ynchfb6jjc7fc44wzpe3q572q",
                            "display_name": "tf_public_1",
                            "freeform_tags.%": "1",
                            "freeform_tags.Department": "developement",
                            "id": "ocid1.subnet.oc1.eu-frankfurt-1.aaaaaaaamcghzdl42jpfnnri2z42x7ptiaky3deit7he6famlexczrkhbs5q",
                            "prohibit_public_ip_on_vnic": "false",
                            "route_table_id": "ocid1.routetable.oc1.eu-frankfurt-1.aaaaaaaahbyl6izknojx5oqfc4y5dkhydhmrfop62a6hux7k52hgmg2glqdq",
                            "security_list_ids.#": "1",
                            "security_list_ids.2965941320": "ocid1.securitylist.oc1.eu-frankfurt-1.aaaaaaaa3ckhducpukablgf73ccmtzxxfexz4y5jlxvvahkg3d7rbfxah7va",
                            "state": "AVAILABLE",
                            "time_created": "2018-11-21 04:57:41.719 +0000 UTC",
                            "vcn_id": "ocid1.vcn.oc1.eu-frankfurt-1.aaaaaaaao5mhdsxgw45h67hd6lnbjpq66fzk4u5qe5pfpusm5nn3m2lb6b7a",
                            "virtual_router_ip": "10.123.1.1",
                            "virtual_router_mac": "00:00:17:F4:A2:9E"
                        },
                        "meta": {
                            "e2bfb730-ecaa-11e6-8f88-34363bc7c4c0": {
                                "create": 900000000000,
                                "delete": 900000000000,
                                "update": 900000000000
                            }
                        },
                        "tainted": false
                    },
                    "deposed": [],
                    "provider": "provider.oci"
                },
                "oci_core_subnet.tf_public_subnet.1": {
                    "type": "oci_core_subnet",
                    "depends_on": [
                        "data.oci_identity_availability_domains.available",
                        "oci_core_route_table.my_route_table_public",
                        "oci_core_vcn.my_vcn"
                    ],
                    "primary": {
                        "id": "ocid1.subnet.oc1.eu-frankfurt-1.aaaaaaaav3zbpb5dnh32ewawt3bo4ip3obailp7evr2whwtcbcz5u2i5cmdq",
                        "attributes": {
                            "availability_domain": "EKER:EU-FRANKFURT-1-AD-2",
                            "cidr_block": "10.123.2.0/24",
                            "compartment_id": "ocid1.compartment.oc1..aaaaaaaa47qcqajslfevsnwvzkcyoxgd52m2jqhmypos4cpcyubaorn5qg3a",
                            "defined_tags.%": "0",
                            "dhcp_options_id": "ocid1.dhcpoptions.oc1.eu-frankfurt-1.aaaaaaaafapqef2uxfhsld7vzormzdjs7d5ynchfb6jjc7fc44wzpe3q572q",
                            "display_name": "tf_public_2",
                            "freeform_tags.%": "1",
                            "freeform_tags.Department": "developement",
                            "id": "ocid1.subnet.oc1.eu-frankfurt-1.aaaaaaaav3zbpb5dnh32ewawt3bo4ip3obailp7evr2whwtcbcz5u2i5cmdq",
                            "prohibit_public_ip_on_vnic": "false",
                            "route_table_id": "ocid1.routetable.oc1.eu-frankfurt-1.aaaaaaaahbyl6izknojx5oqfc4y5dkhydhmrfop62a6hux7k52hgmg2glqdq",
                            "security_list_ids.#": "1",
                            "security_list_ids.2965941320": "ocid1.securitylist.oc1.eu-frankfurt-1.aaaaaaaa3ckhducpukablgf73ccmtzxxfexz4y5jlxvvahkg3d7rbfxah7va",
                            "state": "AVAILABLE",
                            "time_created": "2018-11-21 04:57:42.121 +0000 UTC",
                            "vcn_id": "ocid1.vcn.oc1.eu-frankfurt-1.aaaaaaaao5mhdsxgw45h67hd6lnbjpq66fzk4u5qe5pfpusm5nn3m2lb6b7a",
                            "virtual_router_ip": "10.123.2.1",
                            "virtual_router_mac": "00:00:17:F4:A2:9E"
                        },
                        "meta": {
                            "e2bfb730-ecaa-11e6-8f88-34363bc7c4c0": {
                                "create": 900000000000,
                                "delete": 900000000000,
                                "update": 900000000000
                            }
                        },
                        "tainted": false
                    },
                    "deposed": [],
                    "provider": "provider.oci"
                },
                "oci_core_vcn.my_vcn": {
                    "type": "oci_core_vcn",
                    "depends_on": [],
                    "primary": {
                        "id": "ocid1.vcn.oc1.eu-frankfurt-1.aaaaaaaao5mhdsxgw45h67hd6lnbjpq66fzk4u5qe5pfpusm5nn3m2lb6b7a",
                        "attributes": {
                            "cidr_block": "10.123.0.0/16",
                            "compartment_id": "ocid1.compartment.oc1..aaaaaaaa47qcqajslfevsnwvzkcyoxgd52m2jqhmypos4cpcyubaorn5qg3a",
                            "default_dhcp_options_id": "ocid1.dhcpoptions.oc1.eu-frankfurt-1.aaaaaaaafapqef2uxfhsld7vzormzdjs7d5ynchfb6jjc7fc44wzpe3q572q",
                            "default_route_table_id": "ocid1.routetable.oc1.eu-frankfurt-1.aaaaaaaazyv2jesjq4i6g3rbauj5ks2nhif5ebt7fzdadrgojdeps3kyzohq",
                            "default_security_list_id": "ocid1.securitylist.oc1.eu-frankfurt-1.aaaaaaaa3ckhducpukablgf73ccmtzxxfexz4y5jlxvvahkg3d7rbfxah7va",
                            "defined_tags.%": "0",
                            "display_name": "samarth",
                            "freeform_tags.%": "0",
                            "id": "ocid1.vcn.oc1.eu-frankfurt-1.aaaaaaaao5mhdsxgw45h67hd6lnbjpq66fzk4u5qe5pfpusm5nn3m2lb6b7a",
                            "state": "AVAILABLE",
                            "time_created": "2018-11-21 04:57:40.545 +0000 UTC"
                        },
                        "meta": {
                            "e2bfb730-ecaa-11e6-8f88-34363bc7c4c0": {
                                "create": 900000000000,
                                "delete": 900000000000,
                                "update": 900000000000
                            }
                        },
                        "tainted": false
                    },
                    "deposed": [],
                    "provider": "provider.oci"
                }
            },
            "depends_on": []
        }
    ]
}
